// !$*UTF8*$!
{
	archiveVersion = 1;
	classes = {
	};
	objectVersion = 56;
	objects = {

/* Begin PBXBuildFile section */
		C3E1C4B22A84852A004DFCA4 /* TwitterXApp.swift in Sources */ = {isa = PBXBuildFile; fileRef = C3E1C4B12A84852A004DFCA4 /* TwitterXApp.swift */; };
		C3E1C4B62A84852B004DFCA4 /* Assets.xcassets in Resources */ = {isa = PBXBuildFile; fileRef = C3E1C4B52A84852B004DFCA4 /* Assets.xcassets */; };
		C3E1C4B92A84852B004DFCA4 /* Preview Assets.xcassets in Resources */ = {isa = PBXBuildFile; fileRef = C3E1C4B82A84852B004DFCA4 /* Preview Assets.xcassets */; };
		C3E1C4C82A848601004DFCA4 /* FeedView.swift in Sources */ = {isa = PBXBuildFile; fileRef = C3E1C4C72A848601004DFCA4 /* FeedView.swift */; };
		C3E1C4CB2A8486AF004DFCA4 /* TweetRowView.swift in Sources */ = {isa = PBXBuildFile; fileRef = C3E1C4CA2A8486AF004DFCA4 /* TweetRowView.swift */; };
/* End PBXBuildFile section */

/* Begin PBXFileReference section */
		C3E1C4AE2A84852A004DFCA4 /* TwitterX.app */ = {isa = PBXFileReference; explicitFileType = wrapper.application; includeInIndex = 0; path = TwitterX.app; sourceTree = BUILT_PRODUCTS_DIR; };
		C3E1C4B12A84852A004DFCA4 /* TwitterXApp.swift */ = {isa = PBXFileReference; lastKnownFileType = sourcecode.swift; path = TwitterXApp.swift; sourceTree = "<group>"; };
		C3E1C4B52A84852B004DFCA4 /* Assets.xcassets */ = {isa = PBXFileReference; lastKnownFileType = folder.assetcatalog; path = Assets.xcassets; sourceTree = "<group>"; };
		C3E1C4B82A84852B004DFCA4 /* Preview Assets.xcassets */ = {isa = PBXFileReference; lastKnownFileType = folder.assetcatalog; path = "Preview Assets.xcassets"; sourceTree = "<group>"; };
		C3E1C4C72A848601004DFCA4 /* FeedView.swift */ = {isa = PBXFileReference; lastKnownFileType = sourcecode.swift; path = FeedView.swift; sourceTree = "<group>"; };
		C3E1C4CA2A8486AF004DFCA4 /* TweetRowView.swift */ = {isa = PBXFileReference; lastKnownFileType = sourcecode.swift; path = TweetRowView.swift; sourceTree = "<group>"; };
/* End PBXFileReference section */

/* Begin PBXFrameworksBuildPhase section */
		C3E1C4AB2A84852A004DFCA4 /* Frameworks */ = {
			isa = PBXFrameworksBuildPhase;
			buildActionMask = 2147483647;
			files = (
			);
			runOnlyForDeploymentPostprocessing = 0;
		};
/* End PBXFrameworksBuildPhase section */

/* Begin PBXGroup section */
		C3E1C4A52A84852A004DFCA4 = {
			isa = PBXGroup;
			children = (
				C3E1C4B02A84852A004DFCA4 /* TwitterX */,
				C3E1C4AF2A84852A004DFCA4 /* Products */,
			);
			sourceTree = "<group>";
		};
		C3E1C4AF2A84852A004DFCA4 /* Products */ = {
			isa = PBXGroup;
			children = (
				C3E1C4AE2A84852A004DFCA4 /* TwitterX.app */,
			);
			name = Products;
			sourceTree = "<group>";
		};
		C3E1C4B02A84852A004DFCA4 /* TwitterX */ = {
			isa = PBXGroup;
			children = (
				C3E1C4BF2A84856F004DFCA4 /* App */,
				C3E1C4C22A84859A004DFCA4 /* Core */,
				C3E1C4C02A84858A004DFCA4 /* Extentions */,
				C3E1C4C12A848595004DFCA4 /* Service */,
				C3E1C4B52A84852B004DFCA4 /* Assets.xcassets */,
				C3E1C4B72A84852B004DFCA4 /* Preview Content */,
			);
			path = TwitterX;
			sourceTree = "<group>";
		};
		C3E1C4B72A84852B004DFCA4 /* Preview Content */ = {
			isa = PBXGroup;
			children = (
				C3E1C4B82A84852B004DFCA4 /* Preview Assets.xcassets */,
			);
			path = "Preview Content";
			sourceTree = "<group>";
		};
		C3E1C4BF2A84856F004DFCA4 /* App */ = {
			isa = PBXGroup;
			children = (
				C3E1C4B12A84852A004DFCA4 /* TwitterXApp.swift */,
			);
			path = App;
			sourceTree = "<group>";
		};
		C3E1C4C02A84858A004DFCA4 /* Extentions */ = {
			isa = PBXGroup;
			children = (
			);
			path = Extentions;
			sourceTree = "<group>";
		};
		C3E1C4C12A848595004DFCA4 /* Service */ = {
			isa = PBXGroup;
			children = (
			);
			path = Service;
			sourceTree = "<group>";
		};
		C3E1C4C22A84859A004DFCA4 /* Core */ = {
			isa = PBXGroup;
			children = (
				C3E1C4C42A8485B0004DFCA4 /* Feed */,
				C3E1C4C32A8485A8004DFCA4 /* Components */,
			);
			path = Core;
			sourceTree = "<group>";
		};
		C3E1C4C32A8485A8004DFCA4 /* Components */ = {
			isa = PBXGroup;
			children = (
				C3E1C4C92A84869C004DFCA4 /* Tweets */,
			);
			path = Components;
			sourceTree = "<group>";
		};
		C3E1C4C42A8485B0004DFCA4 /* Feed */ = {
			isa = PBXGroup;
			children = (
				C3E1C4C62A8485F4004DFCA4 /* View */,
				C3E1C4C52A8485EA004DFCA4 /* ViewModels */,
			);
			path = Feed;
			sourceTree = "<group>";
		};
		C3E1C4C52A8485EA004DFCA4 /* ViewModels */ = {
			isa = PBXGroup;
			children = (
			);
			path = ViewModels;
			sourceTree = "<group>";
		};
		C3E1C4C62A8485F4004DFCA4 /* View */ = {
			isa = PBXGroup;
			children = (
				C3E1C4C72A848601004DFCA4 /* FeedView.swift */,
			);
			path = View;
			sourceTree = "<group>";
		};
		C3E1C4C92A84869C004DFCA4 /* Tweets */ = {
			isa = PBXGroup;
			children = (
				C3E1C4CA2A8486AF004DFCA4 /* TweetRowView.swift */,
			);
			path = Tweets;
			sourceTree = "<group>";
		};
/* End PBXGroup section */

/* Begin PBXNativeTarget section */
		C3E1C4AD2A84852A004DFCA4 /* TwitterX */ = {
			isa = PBXNativeTarget;
			buildConfigurationList = C3E1C4BC2A84852B004DFCA4 /* Build configuration list for PBXNativeTarget "TwitterX" */;
			buildPhases = (
				C3E1C4AA2A84852A004DFCA4 /* Sources */,
				C3E1C4AB2A84852A004DFCA4 /* Frameworks */,
				C3E1C4AC2A84852A004DFCA4 /* Resources */,
			);
			buildRules = (
			);
			dependencies = (
			);
			name = TwitterX;
			productName = TwitterX;
			productReference = C3E1C4AE2A84852A004DFCA4 /* TwitterX.app */;
			productType = "com.apple.product-type.application";
		};
/* End PBXNativeTarget section */

/* Begin PBXProject section */
		C3E1C4A62A84852A004DFCA4 /* Project object */ = {
			isa = PBXProject;
			attributes = {
				BuildIndependentTargetsInParallel = 1;
				LastSwiftUpdateCheck = 1430;
				LastUpgradeCheck = 1430;
				TargetAttributes = {
					C3E1C4AD2A84852A004DFCA4 = {
						CreatedOnToolsVersion = 14.3.1;
					};
				};
			};
			buildConfigurationList = C3E1C4A92A84852A004DFCA4 /* Build configuration list for PBXProject "TwitterX" */;
			compatibilityVersion = "Xcode 14.0";
			developmentRegion = en;
			hasScannedForEncodings = 0;
			knownRegions = (
				en,
				Base,
			);
			mainGroup = C3E1C4A52A84852A004DFCA4;
			productRefGroup = C3E1C4AF2A84852A004DFCA4 /* Products */;
			projectDirPath = "";
			projectRoot = "";
			targets = (
				C3E1C4AD2A84852A004DFCA4 /* TwitterX */,
			);
		};
/* End PBXProject section */

/* Begin PBXResourcesBuildPhase section */
		C3E1C4AC2A84852A004DFCA4 /* Resources */ = {
			isa = PBXResourcesBuildPhase;
			buildActionMask = 2147483647;
			files = (
				C3E1C4B92A84852B004DFCA4 /* Preview Assets.xcassets in Resources */,
				C3E1C4B62A84852B004DFCA4 /* Assets.xcassets in Resources */,
			);
			runOnlyForDeploymentPostprocessing = 0;
		};
/* End PBXResourcesBuildPhase section */

/* Begin PBXSourcesBuildPhase section */
		C3E1C4AA2A84852A004DFCA4 /* Sources */ = {
			isa = PBXSourcesBuildPhase;
			buildActionMask = 2147483647;
			files = (
				C3E1C4C82A848601004DFCA4 /* FeedView.swift in Sources */,
				C3E1C4B22A84852A004DFCA4 /* TwitterXApp.swift in Sources */,
				C3E1C4CB2A8486AF004DFCA4 /* TweetRowView.swift in Sources */,
			);
			runOnlyForDeploymentPostprocessing = 0;
		};
/* End PBXSourcesBuildPhase section */

/* Begin XCBuildConfiguration section */
		C3E1C4BA2A84852B004DFCA4 /* Debug */ = {
			isa = XCBuildConfiguration;
			buildSettings = {
				ALWAYS_SEARCH_USER_PATHS = NO;
				CLANG_ANALYZER_NONNULL = YES;
				CLANG_ANALYZER_NUMBER_OBJECT_CONVERSION = YES_AGGRESSIVE;
				CLANG_CXX_LANGUAGE_STANDARD = "gnu++20";
				CLANG_ENABLE_MODULES = YES;
				CLANG_ENABLE_OBJC_ARC = YES;
				CLANG_ENABLE_OBJC_WEAK = YES;
				CLANG_WARN_BLOCK_CAPTURE_AUTORELEASING = YES;
				CLANG_WARN_BOOL_CONVERSION = YES;
				CLANG_WARN_COMMA = YES;
				CLANG_WARN_CONSTANT_CONVERSION = YES;
				CLANG_WARN_DEPRECATED_OBJC_IMPLEMENTATIONS = YES;
				CLANG_WARN_DIRECT_OBJC_ISA_USAGE = YES_ERROR;
				CLANG_WARN_DOCUMENTATION_COMMENTS = YES;
				CLANG_WARN_EMPTY_BODY = YES;
				CLANG_WARN_ENUM_CONVERSION = YES;
				CLANG_WARN_INFINITE_RECURSION = YES;
				CLANG_WARN_INT_CONVERSION = YES;
				CLANG_WARN_NON_LITERAL_NULL_CONVERSION = YES;
				CLANG_WARN_OBJC_IMPLICIT_RETAIN_SELF = YES;
				CLANG_WARN_OBJC_LITERAL_CONVERSION = YES;
				CLANG_WARN_OBJC_ROOT_CLASS = YES_ERROR;
				CLANG_WARN_QUOTED_INCLUDE_IN_FRAMEWORK_HEADER = YES;
				CLANG_WARN_RANGE_LOOP_ANALYSIS = YES;
				CLANG_WARN_STRICT_PROTOTYPES = YES;
				CLANG_WARN_SUSPICIOUS_MOVE = YES;
				CLANG_WARN_UNGUARDED_AVAILABILITY = YES_AGGRESSIVE;
				CLANG_WARN_UNREACHABLE_CODE = YES;
				CLANG_WARN__DUPLICATE_METHOD_MATCH = YES;
				COPY_PHASE_STRIP = NO;
				DEBUG_INFORMATION_FORMAT = dwarf;
				ENABLE_STRICT_OBJC_MSGSEND = YES;
				ENABLE_TESTABILITY = YES;
				GCC_C_LANGUAGE_STANDARD = gnu11;
				GCC_DYNAMIC_NO_PIC = NO;
				GCC_NO_COMMON_BLOCKS = YES;
				GCC_OPTIMIZATION_LEVEL = 0;
				GCC_PREPROCESSOR_DEFINITIONS = (
					"DEBUG=1",
					"$(inherited)",
				);
				GCC_WARN_64_TO_32_BIT_CONVERSION = YES;
				GCC_WARN_ABOUT_RETURN_TYPE = YES_ERROR;
				GCC_WARN_UNDECLARED_SELECTOR = YES;
				GCC_WARN_UNINITIALIZED_AUTOS = YES_AGGRESSIVE;
				GCC_WARN_UNUSED_FUNCTION = YES;
				GCC_WARN_UNUSED_VARIABLE = YES;
				IPHONEOS_DEPLOYMENT_TARGET = 16.4;
				MTL_ENABLE_DEBUG_INFO = INCLUDE_SOURCE;
				MTL_FAST_MATH = YES;
				ONLY_ACTIVE_ARCH = YES;
				SDKROOT = iphoneos;
				SWIFT_ACTIVE_COMPILATION_CONDITIONS = DEBUG;
				SWIFT_OPTIMIZATION_LEVEL = "-Onone";
			};
			name = Debug;
		};
		C3E1C4BB2A84852B004DFCA4 /* Release */ = {
			isa = XCBuildConfiguration;
			buildSettings = {
				ALWAYS_SEARCH_USER_PATHS = NO;
				CLANG_ANALYZER_NONNULL = YES;
				CLANG_ANALYZER_NUMBER_OBJECT_CONVERSION = YES_AGGRESSIVE;
				CLANG_CXX_LANGUAGE_STANDARD = "gnu++20";
				CLANG_ENABLE_MODULES = YES;
				CLANG_ENABLE_OBJC_ARC = YES;
				CLANG_ENABLE_OBJC_WEAK = YES;
				CLANG_WARN_BLOCK_CAPTURE_AUTORELEASING = YES;
				CLANG_WARN_BOOL_CONVERSION = YES;
				CLANG_WARN_COMMA = YES;
				CLANG_WARN_CONSTANT_CONVERSION = YES;
				CLANG_WARN_DEPRECATED_OBJC_IMPLEMENTATIONS = YES;
				CLANG_WARN_DIRECT_OBJC_ISA_USAGE = YES_ERROR;
				CLANG_WARN_DOCUMENTATION_COMMENTS = YES;
				CLANG_WARN_EMPTY_BODY = YES;
				CLANG_WARN_ENUM_CONVERSION = YES;
				CLANG_WARN_INFINITE_RECURSION = YES;
				CLANG_WARN_INT_CONVERSION = YES;
				CLANG_WARN_NON_LITERAL_NULL_CONVERSION = YES;
				CLANG_WARN_OBJC_IMPLICIT_RETAIN_SELF = YES;
				CLANG_WARN_OBJC_LITERAL_CONVERSION = YES;
				CLANG_WARN_OBJC_ROOT_CLASS = YES_ERROR;
				CLANG_WARN_QUOTED_INCLUDE_IN_FRAMEWORK_HEADER = YES;
				CLANG_WARN_RANGE_LOOP_ANALYSIS = YES;
				CLANG_WARN_STRICT_PROTOTYPES = YES;
				CLANG_WARN_SUSPICIOUS_MOVE = YES;
				CLANG_WARN_UNGUARDED_AVAILABILITY = YES_AGGRESSIVE;
				CLANG_WARN_UNREACHABLE_CODE = YES;
				CLANG_WARN__DUPLICATE_METHOD_MATCH = YES;
				COPY_PHASE_STRIP = NO;
				DEBUG_INFORMATION_FORMAT = "dwarf-with-dsym";
				ENABLE_NS_ASSERTIONS = NO;
				ENABLE_STRICT_OBJC_MSGSEND = YES;
				GCC_C_LANGUAGE_STANDARD = gnu11;
				GCC_NO_COMMON_BLOCKS = YES;
				GCC_WARN_64_TO_32_BIT_CONVERSION = YES;
				GCC_WARN_ABOUT_RETURN_TYPE = YES_ERROR;
				GCC_WARN_UNDECLARED_SELECTOR = YES;
				GCC_WARN_UNINITIALIZED_AUTOS = YES_AGGRESSIVE;
				GCC_WARN_UNUSED_FUNCTION = YES;
				GCC_WARN_UNUSED_VARIABLE = YES;
				IPHONEOS_DEPLOYMENT_TARGET = 16.4;
				MTL_ENABLE_DEBUG_INFO = NO;
				MTL_FAST_MATH = YES;
				SDKROOT = iphoneos;
				SWIFT_COMPILATION_MODE = wholemodule;
				SWIFT_OPTIMIZATION_LEVEL = "-O";
				VALIDATE_PRODUCT = YES;
			};
			name = Release;
		};
		C3E1C4BD2A84852B004DFCA4 /* Debug */ = {
			isa = XCBuildConfiguration;
			buildSettings = {
				ASSETCATALOG_COMPILER_APPICON_NAME = AppIcon;
				ASSETCATALOG_COMPILER_GLOBAL_ACCENT_COLOR_NAME = AccentColor;
				CODE_SIGN_STYLE = Automatic;
				CURRENT_PROJECT_VERSION = 1;
				DEVELOPMENT_ASSET_PATHS = "\"TwitterX/Preview Content\"";
				DEVELOPMENT_TEAM = 5V64WDJM8H;
				ENABLE_PREVIEWS = YES;
				GENERATE_INFOPLIST_FILE = YES;
				INFOPLIST_KEY_UIApplicationSceneManifest_Generation = YES;
				INFOPLIST_KEY_UIApplicationSupportsIndirectInputEvents = YES;
				INFOPLIST_KEY_UILaunchScreen_Generation = YES;
				INFOPLIST_KEY_UISupportedInterfaceOrientations_iPad = "UIInterfaceOrientationPortrait UIInterfaceOrientationPortraitUpsideDown UIInterfaceOrientationLandscapeLeft UIInterfaceOrientationLandscapeRight";
				INFOPLIST_KEY_UISupportedInterfaceOrientations_iPhone = "UIInterfaceOrientationPortrait UIInterfaceOrientationLandscapeLeft UIInterfaceOrientationLandscapeRight";
				LD_RUNPATH_SEARCH_PATHS = (
					"$(inherited)",
					"@executable_path/Frameworks",
				);
				MARKETING_VERSION = 1.0;
				PRODUCT_BUNDLE_IDENTIFIER = jp.co.smartsolar.TwitterX;
				PRODUCT_NAME = "$(TARGET_NAME)";
				SWIFT_EMIT_LOC_STRINGS = YES;
				SWIFT_VERSION = 5.0;
				TARGETED_DEVICE_FAMILY = "1,2";
			};
			name = Debug;
		};
		C3E1C4BE2A84852B004DFCA4 /* Release */ = {
			isa = XCBuildConfiguration;
			buildSettings = {
				ASSETCATALOG_COMPILER_APPICON_NAME = AppIcon;
				ASSETCATALOG_COMPILER_GLOBAL_ACCENT_COLOR_NAME = AccentColor;
				CODE_SIGN_STYLE = Automatic;
				CURRENT_PROJECT_VERSION = 1;
				DEVELOPMENT_ASSET_PATHS = "\"TwitterX/Preview Content\"";
				DEVELOPMENT_TEAM = 5V64WDJM8H;
				ENABLE_PREVIEWS = YES;
				GENERATE_INFOPLIST_FILE = YES;
				INFOPLIST_KEY_UIApplicationSceneManifest_Generation = YES;
				INFOPLIST_KEY_UIApplicationSupportsIndirectInputEvents = YES;
				INFOPLIST_KEY_UILaunchScreen_Generation = YES;
				INFOPLIST_KEY_UISupportedInterfaceOrientations_iPad = "UIInterfaceOrientationPortrait UIInterfaceOrientationPortraitUpsideDown UIInterfaceOrientationLandscapeLeft UIInterfaceOrientationLandscapeRight";
				INFOPLIST_KEY_UISupportedInterfaceOrientations_iPhone = "UIInterfaceOrientationPortrait UIInterfaceOrientationLandscapeLeft UIInterfaceOrientationLandscapeRight";
				LD_RUNPATH_SEARCH_PATHS = (
					"$(inherited)",
					"@executable_path/Frameworks",
				);
				MARKETING_VERSION = 1.0;
				PRODUCT_BUNDLE_IDENTIFIER = jp.co.smartsolar.TwitterX;
				PRODUCT_NAME = "$(TARGET_NAME)";
				SWIFT_EMIT_LOC_STRINGS = YES;
				SWIFT_VERSION = 5.0;
				TARGETED_DEVICE_FAMILY = "1,2";
			};
			name = Release;
		};
/* End XCBuildConfiguration section */

/* Begin XCConfigurationList section */
		C3E1C4A92A84852A004DFCA4 /* Build configuration list for PBXProject "TwitterX" */ = {
			isa = XCConfigurationList;
			buildConfigurations = (
				C3E1C4BA2A84852B004DFCA4 /* Debug */,
				C3E1C4BB2A84852B004DFCA4 /* Release */,
			);
			defaultConfigurationIsVisible = 0;
			defaultConfigurationName = Release;
		};
		C3E1C4BC2A84852B004DFCA4 /* Build configuration list for PBXNativeTarget "TwitterX" */ = {
			isa = XCConfigurationList;
			buildConfigurations = (
				C3E1C4BD2A84852B004DFCA4 /* Debug */,
				C3E1C4BE2A84852B004DFCA4 /* Release */,
			);
			defaultConfigurationIsVisible = 0;
			defaultConfigurationName = Release;
		};
/* End XCConfigurationList section */
	};
	rootObject = C3E1C4A62A84852A004DFCA4 /* Project object */;
}
